
Microsoft Visual Studio Solution File, Format Version 12.00
# Visual Studio Version 17
VisualStudioVersion = 17.2.32516.85
MinimumVisualStudioVersion = 10.0.40219.1
Project("{FAE04EC0-301F-11D3-BF4B-00C04F79EFBC}") = "SuperBank", "SuperBank\SuperBank.csproj", "{A8F5B558-C868-4A3F-A679-1548150301A7}"
EndProject
Global
	GlobalSection(SolutionConfigurationPlatforms) = preSolution
		Debug|Any CPU = Debug|Any CPU
		Release|Any CPU = Release|Any CPU
	EndGlobalSection
	GlobalSection(ProjectConfigurationPlatforms) = postSolution
		{A8F5B558-C868-4A3F-A679-1548150301A7}.Debug|Any CPU.ActiveCfg = Debug|Any CPU
		{A8F5B558-C868-4A3F-A679-1548150301A7}.Debug|Any CPU.Build.0 = Debug|Any CPU
		{A8F5B558-C868-4A3F-A679-1548150301A7}.Release|Any CPU.ActiveCfg = Release|Any CPU
		{A8F5B558-C868-4A3F-A679-1548150301A7}.Release|Any CPU.Build.0 = Release|Any CPU
	EndGlobalSection
	GlobalSection(SolutionProperties) = preSolution
		HideSolutionNode = FALSE
	EndGlobalSection
	GlobalSection(ExtensibilityGlobals) = postSolution
		SolutionGuid = {F852CA3D-736D-4EAC-96F7-F6F44AB85D13}
	EndGlobalSection
EndGlobal
